
Microsoft Visual Studio Solution File, Format Version 12.00
# Visual Studio Version 17
VisualStudioVersion = 17.2.32616.157
MinimumVisualStudioVersion = 10.0.40219.1
Project("{FAE04EC0-301F-11D3-BF4B-00C04F79EFBC}") = "JuniorTest.WebApi", "JuniorTest\JuniorTest.WebApi.csproj", "{E5DBEFBD-C4A0-4C3C-9B7E-11064825E9A9}"
EndProject
Project("{FAE04EC0-301F-11D3-BF4B-00C04F79EFBC}") = "JuniorTest.Domain", "JuniorTest.Domain\JuniorTest.Domain.csproj", "{26B85915-5C43-4DDB-BB17-0D81F6FA3958}"
EndProject
Project("{FAE04EC0-301F-11D3-BF4B-00C04F79EFBC}") = "JuniorTest.Services", "JuniorTest.Services\JuniorTest.Services.csproj", "{E4EE4D67-661D-4481-83E3-48E89EF1855C}"
EndProject
Global
	GlobalSection(SolutionConfigurationPlatforms) = preSolution
		Debug|Any CPU = Debug|Any CPU
		Release|Any CPU = Release|Any CPU
	EndGlobalSection
	GlobalSection(ProjectConfigurationPlatforms) = postSolution
		{E5DBEFBD-C4A0-4C3C-9B7E-11064825E9A9}.Debug|Any CPU.ActiveCfg = Debug|Any CPU
		{E5DBEFBD-C4A0-4C3C-9B7E-11064825E9A9}.Debug|Any CPU.Build.0 = Debug|Any CPU
		{E5DBEFBD-C4A0-4C3C-9B7E-11064825E9A9}.Release|Any CPU.ActiveCfg = Release|Any CPU
		{E5DBEFBD-C4A0-4C3C-9B7E-11064825E9A9}.Release|Any CPU.Build.0 = Release|Any CPU
		{26B85915-5C43-4DDB-BB17-0D81F6FA3958}.Debug|Any CPU.ActiveCfg = Debug|Any CPU
		{26B85915-5C43-4DDB-BB17-0D81F6FA3958}.Debug|Any CPU.Build.0 = Debug|Any CPU
		{26B85915-5C43-4DDB-BB17-0D81F6FA3958}.Release|Any CPU.ActiveCfg = Release|Any CPU
		{26B85915-5C43-4DDB-BB17-0D81F6FA3958}.Release|Any CPU.Build.0 = Release|Any CPU
		{E4EE4D67-661D-4481-83E3-48E89EF1855C}.Debug|Any CPU.ActiveCfg = Debug|Any CPU
		{E4EE4D67-661D-4481-83E3-48E89EF1855C}.Debug|Any CPU.Build.0 = Debug|Any CPU
		{E4EE4D67-661D-4481-83E3-48E89EF1855C}.Release|Any CPU.ActiveCfg = Release|Any CPU
		{E4EE4D67-661D-4481-83E3-48E89EF1855C}.Release|Any CPU.Build.0 = Release|Any CPU
	EndGlobalSection
	GlobalSection(SolutionProperties) = preSolution
		HideSolutionNode = FALSE
	EndGlobalSection
	GlobalSection(ExtensibilityGlobals) = postSolution
		SolutionGuid = {D9A663C3-1E14-49F9-A649-1B1BC9253EB8}
	EndGlobalSection
EndGlobal
